// !$*UTF8*$!
{
	archiveVersion = 1;
	classes = {
	};
	objectVersion = 55;
	objects = {

/* Begin PBXBuildFile section */
		FAC900C3291D79C900EAEB69 /* GUmbo2.framework in Frameworks */ = {isa = PBXBuildFile; fileRef = FAC900C2291D79C900EAEB69 /* GUmbo2.framework */; };
		FAC90104291D7C4200EAEB69 /* GUmbo2.framework in Sources */ = {isa = PBXBuildFile; fileRef = FAC900C2291D79C900EAEB69 /* GUmbo2.framework */; };
		FAC90105291D7C7E00EAEB69 /* main.cpp in Sources */ = {isa = PBXBuildFile; fileRef = FAC90087291D786400EAEB69 /* main.cpp */; };
		FAC90109291D81B100EAEB69 /* libcurl.4.tbd in Frameworks */ = {isa = PBXBuildFile; fileRef = FAC90106291D81B100EAEB69 /* libcurl.4.tbd */; };
		FAC9010A291D81B100EAEB69 /* libcurl.3.tbd in Frameworks */ = {isa = PBXBuildFile; fileRef = FAC90107291D81B100EAEB69 /* libcurl.3.tbd */; };
		FAC9010B291D81B100EAEB69 /* libcurl.tbd in Frameworks */ = {isa = PBXBuildFile; fileRef = FAC90108291D81B100EAEB69 /* libcurl.tbd */; };
		FAC9010D291EB78F00EAEB69 /* CurlObject.cpp in Sources */ = {isa = PBXBuildFile; fileRef = FAC9010C291EB78F00EAEB69 /* CurlObject.cpp */; };
		FAC90110291EC21000EAEB69 /* TeamNameTrieTree.cpp in Sources */ = {isa = PBXBuildFile; fileRef = FAC9010E291EC21000EAEB69 /* TeamNameTrieTree.cpp */; };
		FAC901172920078D00EAEB69 /* UserInput.cpp in Sources */ = {isa = PBXBuildFile; fileRef = FAC901162920078D00EAEB69 /* UserInput.cpp */; };
		FAC9011A2920140B00EAEB69 /* Game.cpp in Sources */ = {isa = PBXBuildFile; fileRef = FAC901182920140B00EAEB69 /* Game.cpp */; };
		FAC9011D292014D800EAEB69 /* Team.cpp in Sources */ = {isa = PBXBuildFile; fileRef = FAC9011B292014D800EAEB69 /* Team.cpp */; };
		FAC90127292016CA00EAEB69 /* Player.cpp in Sources */ = {isa = PBXBuildFile; fileRef = FAC90125292016CA00EAEB69 /* Player.cpp */; };
		FAC90128292016CA00EAEB69 /* Hitters.cpp in Sources */ = {isa = PBXBuildFile; fileRef = FAC90124292016CA00EAEB69 /* Hitters.cpp */; };
		FAC9012B29201C8900EAEB69 /* GameAction.cpp in Sources */ = {isa = PBXBuildFile; fileRef = FAC9012929201C8900EAEB69 /* GameAction.cpp */; };
/* End PBXBuildFile section */

/* Begin PBXCopyFilesBuildPhase section */
		FAC90082291D786400EAEB69 /* CopyFiles */ = {
			isa = PBXCopyFilesBuildPhase;
			buildActionMask = 2147483647;
			dstPath = /usr/share/man/man1/;
			dstSubfolderSpec = 0;
			files = (
			);
			runOnlyForDeploymentPostprocessing = 1;
		};
/* End PBXCopyFilesBuildPhase section */

/* Begin PBXFileReference section */
		FAC90084291D786400EAEB69 /* Baseball */ = {isa = PBXFileReference; explicitFileType = "compiled.mach-o.executable"; includeInIndex = 0; path = Baseball; sourceTree = BUILT_PRODUCTS_DIR; };
		FAC90087291D786400EAEB69 /* main.cpp */ = {isa = PBXFileReference; lastKnownFileType = sourcecode.cpp.cpp; path = main.cpp; sourceTree = "<group>"; };
		FAC900C2291D79C900EAEB69 /* GUmbo2.framework */ = {isa = PBXFileReference; explicitFileType = wrapper.framework; path = GUmbo2.framework; sourceTree = BUILT_PRODUCTS_DIR; };
		FAC90106291D81B100EAEB69 /* libcurl.4.tbd */ = {isa = PBXFileReference; lastKnownFileType = "sourcecode.text-based-dylib-definition"; name = libcurl.4.tbd; path = usr/lib/libcurl.4.tbd; sourceTree = SDKROOT; };
		FAC90107291D81B100EAEB69 /* libcurl.3.tbd */ = {isa = PBXFileReference; lastKnownFileType = "sourcecode.text-based-dylib-definition"; name = libcurl.3.tbd; path = usr/lib/libcurl.3.tbd; sourceTree = SDKROOT; };
		FAC90108291D81B100EAEB69 /* libcurl.tbd */ = {isa = PBXFileReference; lastKnownFileType = "sourcecode.text-based-dylib-definition"; name = libcurl.tbd; path = usr/lib/libcurl.tbd; sourceTree = SDKROOT; };
		FAC9010C291EB78F00EAEB69 /* CurlObject.cpp */ = {isa = PBXFileReference; lastKnownFileType = sourcecode.cpp.cpp; path = CurlObject.cpp; sourceTree = "<group>"; };
		FAC9010E291EC21000EAEB69 /* TeamNameTrieTree.cpp */ = {isa = PBXFileReference; lastKnownFileType = sourcecode.cpp.cpp; path = TeamNameTrieTree.cpp; sourceTree = "<group>"; };
		FAC9010F291EC21000EAEB69 /* TeamNameTrieTree.h */ = {isa = PBXFileReference; lastKnownFileType = sourcecode.c.h; path = TeamNameTrieTree.h; sourceTree = "<group>"; };
		FAC901152920078D00EAEB69 /* UserInput.h */ = {isa = PBXFileReference; lastKnownFileType = sourcecode.c.h; path = UserInput.h; sourceTree = "<group>"; };
		FAC901162920078D00EAEB69 /* UserInput.cpp */ = {isa = PBXFileReference; lastKnownFileType = sourcecode.cpp.cpp; path = UserInput.cpp; sourceTree = "<group>"; };
		FAC901182920140B00EAEB69 /* Game.cpp */ = {isa = PBXFileReference; lastKnownFileType = sourcecode.cpp.cpp; path = Game.cpp; sourceTree = "<group>"; };
		FAC901192920140B00EAEB69 /* Game.h */ = {isa = PBXFileReference; lastKnownFileType = sourcecode.c.h; path = Game.h; sourceTree = "<group>"; };
		FAC9011B292014D800EAEB69 /* Team.cpp */ = {isa = PBXFileReference; lastKnownFileType = sourcecode.cpp.cpp; path = Team.cpp; sourceTree = "<group>"; };
		FAC9011C292014D800EAEB69 /* Team.h */ = {isa = PBXFileReference; lastKnownFileType = sourcecode.c.h; path = Team.h; sourceTree = "<group>"; };
		FAC90124292016CA00EAEB69 /* Hitters.cpp */ = {isa = PBXFileReference; lastKnownFileType = sourcecode.cpp.cpp; path = Hitters.cpp; sourceTree = "<group>"; };
		FAC90125292016CA00EAEB69 /* Player.cpp */ = {isa = PBXFileReference; lastKnownFileType = sourcecode.cpp.cpp; path = Player.cpp; sourceTree = "<group>"; };
		FAC90126292016CA00EAEB69 /* Hitters.h */ = {isa = PBXFileReference; lastKnownFileType = sourcecode.c.h; path = Hitters.h; sourceTree = "<group>"; };
		FAC9012929201C8900EAEB69 /* GameAction.cpp */ = {isa = PBXFileReference; lastKnownFileType = sourcecode.cpp.cpp; path = GameAction.cpp; sourceTree = "<group>"; };
		FAC9012A29201C8900EAEB69 /* GameAction.h */ = {isa = PBXFileReference; lastKnownFileType = sourcecode.c.h; path = GameAction.h; sourceTree = "<group>"; };
/* End PBXFileReference section */

/* Begin PBXFrameworksBuildPhase section */
		FAC90081291D786400EAEB69 /* Frameworks */ = {
			isa = PBXFrameworksBuildPhase;
			buildActionMask = 2147483647;
			files = (
				FAC90109291D81B100EAEB69 /* libcurl.4.tbd in Frameworks */,
				FAC9010A291D81B100EAEB69 /* libcurl.3.tbd in Frameworks */,
				FAC9010B291D81B100EAEB69 /* libcurl.tbd in Frameworks */,
				FAC900C3291D79C900EAEB69 /* GUmbo2.framework in Frameworks */,
			);
			runOnlyForDeploymentPostprocessing = 0;
		};
/* End PBXFrameworksBuildPhase section */

/* Begin PBXGroup section */
		FAC9007B291D786400EAEB69 = {
			isa = PBXGroup;
			children = (
				FAC90086291D786400EAEB69 /* Baseball */,
				FAC90085291D786400EAEB69 /* Products */,
				FAC900C1291D79C900EAEB69 /* Frameworks */,
			);
			sourceTree = "<group>";
		};
		FAC90085291D786400EAEB69 /* Products */ = {
			isa = PBXGroup;
			children = (
				FAC90084291D786400EAEB69 /* Baseball */,
			);
			name = Products;
			sourceTree = "<group>";
		};
		FAC90086291D786400EAEB69 /* Baseball */ = {
			isa = PBXGroup;
			children = (
				FAC901162920078D00EAEB69 /* UserInput.cpp */,
				FAC901152920078D00EAEB69 /* UserInput.h */,
				FAC90087291D786400EAEB69 /* main.cpp */,
				FAC9011B292014D800EAEB69 /* Team.cpp */,
				FAC9011C292014D800EAEB69 /* Team.h */,
				FAC901182920140B00EAEB69 /* Game.cpp */,
				FAC901192920140B00EAEB69 /* Game.h */,
				FAC9012929201C8900EAEB69 /* GameAction.cpp */,
				FAC9012A29201C8900EAEB69 /* GameAction.h */,
				FAC9010C291EB78F00EAEB69 /* CurlObject.cpp */,
				FAC9010E291EC21000EAEB69 /* TeamNameTrieTree.cpp */,
				FAC9010F291EC21000EAEB69 /* TeamNameTrieTree.h */,
				FAC90125292016CA00EAEB69 /* Player.cpp */,
				FAC90124292016CA00EAEB69 /* Hitters.cpp */,
				FAC90126292016CA00EAEB69 /* Hitters.h */,
			);
			path = Baseball;
			sourceTree = "<group>";
		};
		FAC900C1291D79C900EAEB69 /* Frameworks */ = {
			isa = PBXGroup;
			children = (
				FAC90107291D81B100EAEB69 /* libcurl.3.tbd */,
				FAC90106291D81B100EAEB69 /* libcurl.4.tbd */,
				FAC90108291D81B100EAEB69 /* libcurl.tbd */,
				FAC900C2291D79C900EAEB69 /* GUmbo2.framework */,
			);
			name = Frameworks;
			sourceTree = "<group>";
		};
/* End PBXGroup section */

/* Begin PBXNativeTarget section */
		FAC90083291D786400EAEB69 /* Baseball */ = {
			isa = PBXNativeTarget;
			buildConfigurationList = FAC9008B291D786400EAEB69 /* Build configuration list for PBXNativeTarget "Baseball" */;
			buildPhases = (
				FAC90080291D786400EAEB69 /* Sources */,
				FAC90081291D786400EAEB69 /* Frameworks */,
				FAC90082291D786400EAEB69 /* CopyFiles */,
			);
			buildRules = (
			);
			dependencies = (
			);
			name = Baseball;
			productName = Baseball;
			productReference = FAC90084291D786400EAEB69 /* Baseball */;
			productType = "com.apple.product-type.tool";
		};
/* End PBXNativeTarget section */

/* Begin PBXProject section */
		FAC9007C291D786400EAEB69 /* Project object */ = {
			isa = PBXProject;
			attributes = {
				BuildIndependentTargetsInParallel = 1;
				LastUpgradeCheck = 1320;
				TargetAttributes = {
					FAC90083291D786400EAEB69 = {
						CreatedOnToolsVersion = 13.2.1;
					};
				};
			};
			buildConfigurationList = FAC9007F291D786400EAEB69 /* Build configuration list for PBXProject "Baseball" */;
			compatibilityVersion = "Xcode 13.0";
			developmentRegion = en;
			hasScannedForEncodings = 0;
			knownRegions = (
				en,
				Base,
			);
			mainGroup = FAC9007B291D786400EAEB69;
			productRefGroup = FAC90085291D786400EAEB69 /* Products */;
			projectDirPath = "";
			projectRoot = "";
			targets = (
				FAC90083291D786400EAEB69 /* Baseball */,
			);
		};
/* End PBXProject section */

/* Begin PBXSourcesBuildPhase section */
		FAC90080291D786400EAEB69 /* Sources */ = {
			isa = PBXSourcesBuildPhase;
			buildActionMask = 2147483647;
			files = (
				FAC90127292016CA00EAEB69 /* Player.cpp in Sources */,
				FAC9012B29201C8900EAEB69 /* GameAction.cpp in Sources */,
				FAC90105291D7C7E00EAEB69 /* main.cpp in Sources */,
				FAC90110291EC21000EAEB69 /* TeamNameTrieTree.cpp in Sources */,
				FAC9010D291EB78F00EAEB69 /* CurlObject.cpp in Sources */,
				FAC90128292016CA00EAEB69 /* Hitters.cpp in Sources */,
				FAC9011A2920140B00EAEB69 /* Game.cpp in Sources */,
				FAC901172920078D00EAEB69 /* UserInput.cpp in Sources */,
				FAC90104291D7C4200EAEB69 /* GUmbo2.framework in Sources */,
				FAC9011D292014D800EAEB69 /* Team.cpp in Sources */,
			);
			runOnlyForDeploymentPostprocessing = 0;
		};
/* End PBXSourcesBuildPhase section */

/* Begin XCBuildConfiguration section */
		FAC90089291D786400EAEB69 /* Debug */ = {
			isa = XCBuildConfiguration;
			buildSettings = {
				ALWAYS_SEARCH_USER_PATHS = NO;
				CLANG_ANALYZER_NONNULL = YES;
				CLANG_ANALYZER_NUMBER_OBJECT_CONVERSION = YES_AGGRESSIVE;
				CLANG_CXX_LANGUAGE_STANDARD = "gnu++17";
				CLANG_CXX_LIBRARY = "libc++";
				CLANG_ENABLE_MODULES = YES;
				CLANG_ENABLE_OBJC_ARC = YES;
				CLANG_ENABLE_OBJC_WEAK = YES;
				CLANG_WARN_BLOCK_CAPTURE_AUTORELEASING = YES;
				CLANG_WARN_BOOL_CONVERSION = YES;
				CLANG_WARN_COMMA = YES;
				CLANG_WARN_CONSTANT_CONVERSION = YES;
				CLANG_WARN_DEPRECATED_OBJC_IMPLEMENTATIONS = YES;
				CLANG_WARN_DIRECT_OBJC_ISA_USAGE = YES_ERROR;
				CLANG_WARN_DOCUMENTATION_COMMENTS = YES;
				CLANG_WARN_EMPTY_BODY = YES;
				CLANG_WARN_ENUM_CONVERSION = YES;
				CLANG_WARN_INFINITE_RECURSION = YES;
				CLANG_WARN_INT_CONVERSION = YES;
				CLANG_WARN_NON_LITERAL_NULL_CONVERSION = YES;
				CLANG_WARN_OBJC_IMPLICIT_RETAIN_SELF = YES;
				CLANG_WARN_OBJC_LITERAL_CONVERSION = YES;
				CLANG_WARN_OBJC_ROOT_CLASS = YES_ERROR;
				CLANG_WARN_QUOTED_INCLUDE_IN_FRAMEWORK_HEADER = YES;
				CLANG_WARN_RANGE_LOOP_ANALYSIS = YES;
				CLANG_WARN_STRICT_PROTOTYPES = YES;
				CLANG_WARN_SUSPICIOUS_MOVE = YES;
				CLANG_WARN_UNGUARDED_AVAILABILITY = YES_AGGRESSIVE;
				CLANG_WARN_UNREACHABLE_CODE = YES;
				CLANG_WARN__DUPLICATE_METHOD_MATCH = YES;
				COPY_PHASE_STRIP = NO;
				DEBUG_INFORMATION_FORMAT = dwarf;
				ENABLE_STRICT_OBJC_MSGSEND = YES;
				ENABLE_TESTABILITY = YES;
				GCC_C_LANGUAGE_STANDARD = gnu11;
				GCC_DYNAMIC_NO_PIC = NO;
				GCC_NO_COMMON_BLOCKS = YES;
				GCC_OPTIMIZATION_LEVEL = 0;
				GCC_PREPROCESSOR_DEFINITIONS = (
					"DEBUG=1",
					"$(inherited)",
				);
				GCC_WARN_64_TO_32_BIT_CONVERSION = YES;
				GCC_WARN_ABOUT_RETURN_TYPE = YES_ERROR;
				GCC_WARN_UNDECLARED_SELECTOR = YES;
				GCC_WARN_UNINITIALIZED_AUTOS = YES_AGGRESSIVE;
				GCC_WARN_UNUSED_FUNCTION = YES;
				GCC_WARN_UNUSED_VARIABLE = YES;
				MACOSX_DEPLOYMENT_TARGET = 12.0;
				MTL_ENABLE_DEBUG_INFO = INCLUDE_SOURCE;
				MTL_FAST_MATH = YES;
				ONLY_ACTIVE_ARCH = YES;
				SDKROOT = macosx;
			};
			name = Debug;
		};
		FAC9008A291D786400EAEB69 /* Release */ = {
			isa = XCBuildConfiguration;
			buildSettings = {
				ALWAYS_SEARCH_USER_PATHS = NO;
				CLANG_ANALYZER_NONNULL = YES;
				CLANG_ANALYZER_NUMBER_OBJECT_CONVERSION = YES_AGGRESSIVE;
				CLANG_CXX_LANGUAGE_STANDARD = "gnu++17";
				CLANG_CXX_LIBRARY = "libc++";
				CLANG_ENABLE_MODULES = YES;
				CLANG_ENABLE_OBJC_ARC = YES;
				CLANG_ENABLE_OBJC_WEAK = YES;
				CLANG_WARN_BLOCK_CAPTURE_AUTORELEASING = YES;
				CLANG_WARN_BOOL_CONVERSION = YES;
				CLANG_WARN_COMMA = YES;
				CLANG_WARN_CONSTANT_CONVERSION = YES;
				CLANG_WARN_DEPRECATED_OBJC_IMPLEMENTATIONS = YES;
				CLANG_WARN_DIRECT_OBJC_ISA_USAGE = YES_ERROR;
				CLANG_WARN_DOCUMENTATION_COMMENTS = YES;
				CLANG_WARN_EMPTY_BODY = YES;
				CLANG_WARN_ENUM_CONVERSION = YES;
				CLANG_WARN_INFINITE_RECURSION = YES;
				CLANG_WARN_INT_CONVERSION = YES;
				CLANG_WARN_NON_LITERAL_NULL_CONVERSION = YES;
				CLANG_WARN_OBJC_IMPLICIT_RETAIN_SELF = YES;
				CLANG_WARN_OBJC_LITERAL_CONVERSION = YES;
				CLANG_WARN_OBJC_ROOT_CLASS = YES_ERROR;
				CLANG_WARN_QUOTED_INCLUDE_IN_FRAMEWORK_HEADER = YES;
				CLANG_WARN_RANGE_LOOP_ANALYSIS = YES;
				CLANG_WARN_STRICT_PROTOTYPES = YES;
				CLANG_WARN_SUSPICIOUS_MOVE = YES;
				CLANG_WARN_UNGUARDED_AVAILABILITY = YES_AGGRESSIVE;
				CLANG_WARN_UNREACHABLE_CODE = YES;
				CLANG_WARN__DUPLICATE_METHOD_MATCH = YES;
				COPY_PHASE_STRIP = NO;
				DEBUG_INFORMATION_FORMAT = "dwarf-with-dsym";
				ENABLE_NS_ASSERTIONS = NO;
				ENABLE_STRICT_OBJC_MSGSEND = YES;
				GCC_C_LANGUAGE_STANDARD = gnu11;
				GCC_NO_COMMON_BLOCKS = YES;
				GCC_WARN_64_TO_32_BIT_CONVERSION = YES;
				GCC_WARN_ABOUT_RETURN_TYPE = YES_ERROR;
				GCC_WARN_UNDECLARED_SELECTOR = YES;
				GCC_WARN_UNINITIALIZED_AUTOS = YES_AGGRESSIVE;
				GCC_WARN_UNUSED_FUNCTION = YES;
				GCC_WARN_UNUSED_VARIABLE = YES;
				MACOSX_DEPLOYMENT_TARGET = 12.0;
				MTL_ENABLE_DEBUG_INFO = NO;
				MTL_FAST_MATH = YES;
				SDKROOT = macosx;
			};
			name = Release;
		};
		FAC9008C291D786400EAEB69 /* Debug */ = {
			isa = XCBuildConfiguration;
			buildSettings = {
				CODE_SIGN_STYLE = Automatic;
				HEADER_SEARCH_PATHS = /Users/ericjones/Documents/Projects/XMLParse/GUmbo2/GUmbo2;
				PRODUCT_NAME = "$(TARGET_NAME)";
				SYSTEM_FRAMEWORK_SEARCH_PATHS = "";
				SYSTEM_HEADER_SEARCH_PATHS = "";
			};
			name = Debug;
		};
		FAC9008D291D786400EAEB69 /* Release */ = {
			isa = XCBuildConfiguration;
			buildSettings = {
				CODE_SIGN_STYLE = Automatic;
				HEADER_SEARCH_PATHS = /Users/ericjones/Documents/Projects/XMLParse/GUmbo2/GUmbo2;
				PRODUCT_NAME = "$(TARGET_NAME)";
				SYSTEM_FRAMEWORK_SEARCH_PATHS = "";
				SYSTEM_HEADER_SEARCH_PATHS = "";
			};
			name = Release;
		};
/* End XCBuildConfiguration section */

/* Begin XCConfigurationList section */
		FAC9007F291D786400EAEB69 /* Build configuration list for PBXProject "Baseball" */ = {
			isa = XCConfigurationList;
			buildConfigurations = (
				FAC90089291D786400EAEB69 /* Debug */,
				FAC9008A291D786400EAEB69 /* Release */,
			);
			defaultConfigurationIsVisible = 0;
			defaultConfigurationName = Release;
		};
		FAC9008B291D786400EAEB69 /* Build configuration list for PBXNativeTarget "Baseball" */ = {
			isa = XCConfigurationList;
			buildConfigurations = (
				FAC9008C291D786400EAEB69 /* Debug */,
				FAC9008D291D786400EAEB69 /* Release */,
			);
			defaultConfigurationIsVisible = 0;
			defaultConfigurationName = Release;
		};
/* End XCConfigurationList section */
	};
	rootObject = FAC9007C291D786400EAEB69 /* Project object */;
}
